
Microsoft Visual Studio Solution File, Format Version 12.00
# Visual Studio Version 17
VisualStudioVersion = 17.0.32014.148
MinimumVisualStudioVersion = 10.0.40219.1
Project("{9A19103F-16F7-4668-BE54-9A1E7A4F7556}") = "PostManager.API", "PostManager\PostManager.API.csproj", "{FF7D897D-EA44-432E-91EA-8CD8FE8249D9}"
EndProject
Project("{9A19103F-16F7-4668-BE54-9A1E7A4F7556}") = "PostManager.Application", "PostManager.Application\PostManager.Application.csproj", "{DA8BC578-FBD3-45FB-9FC0-5BA093ADD33A}"
EndProject
Project("{9A19103F-16F7-4668-BE54-9A1E7A4F7556}") = "PostManager.Core", "PostManager.Core\PostManager.Core.csproj", "{7448E1E1-3033-4989-815C-D448659E3650}"
EndProject
Project("{9A19103F-16F7-4668-BE54-9A1E7A4F7556}") = "PostManager.Infrastructure", "PostManager.Infrastructure\PostManager.Infrastructure.csproj", "{5FA5B626-CC4B-4DF8-A1A6-BAF7AFC2108D}"
EndProject
Project("{FAE04EC0-301F-11D3-BF4B-00C04F79EFBC}") = "PostManager.UnitTests", "PostManager.UnitTests\PostManager.UnitTests.csproj", "{B8EAD20E-2824-4237-8507-0C708865C279}"
EndProject
Global
	GlobalSection(SolutionConfigurationPlatforms) = preSolution
		Debug|Any CPU = Debug|Any CPU
		Release|Any CPU = Release|Any CPU
	EndGlobalSection
	GlobalSection(ProjectConfigurationPlatforms) = postSolution
		{FF7D897D-EA44-432E-91EA-8CD8FE8249D9}.Debug|Any CPU.ActiveCfg = Debug|Any CPU
		{FF7D897D-EA44-432E-91EA-8CD8FE8249D9}.Debug|Any CPU.Build.0 = Debug|Any CPU
		{FF7D897D-EA44-432E-91EA-8CD8FE8249D9}.Release|Any CPU.ActiveCfg = Release|Any CPU
		{FF7D897D-EA44-432E-91EA-8CD8FE8249D9}.Release|Any CPU.Build.0 = Release|Any CPU
		{DA8BC578-FBD3-45FB-9FC0-5BA093ADD33A}.Debug|Any CPU.ActiveCfg = Debug|Any CPU
		{DA8BC578-FBD3-45FB-9FC0-5BA093ADD33A}.Debug|Any CPU.Build.0 = Debug|Any CPU
		{DA8BC578-FBD3-45FB-9FC0-5BA093ADD33A}.Release|Any CPU.ActiveCfg = Release|Any CPU
		{DA8BC578-FBD3-45FB-9FC0-5BA093ADD33A}.Release|Any CPU.Build.0 = Release|Any CPU
		{7448E1E1-3033-4989-815C-D448659E3650}.Debug|Any CPU.ActiveCfg = Debug|Any CPU
		{7448E1E1-3033-4989-815C-D448659E3650}.Debug|Any CPU.Build.0 = Debug|Any CPU
		{7448E1E1-3033-4989-815C-D448659E3650}.Release|Any CPU.ActiveCfg = Release|Any CPU
		{7448E1E1-3033-4989-815C-D448659E3650}.Release|Any CPU.Build.0 = Release|Any CPU
		{5FA5B626-CC4B-4DF8-A1A6-BAF7AFC2108D}.Debug|Any CPU.ActiveCfg = Debug|Any CPU
		{5FA5B626-CC4B-4DF8-A1A6-BAF7AFC2108D}.Debug|Any CPU.Build.0 = Debug|Any CPU
		{5FA5B626-CC4B-4DF8-A1A6-BAF7AFC2108D}.Release|Any CPU.ActiveCfg = Release|Any CPU
		{5FA5B626-CC4B-4DF8-A1A6-BAF7AFC2108D}.Release|Any CPU.Build.0 = Release|Any CPU
		{B8EAD20E-2824-4237-8507-0C708865C279}.Debug|Any CPU.ActiveCfg = Debug|Any CPU
		{B8EAD20E-2824-4237-8507-0C708865C279}.Debug|Any CPU.Build.0 = Debug|Any CPU
		{B8EAD20E-2824-4237-8507-0C708865C279}.Release|Any CPU.ActiveCfg = Release|Any CPU
		{B8EAD20E-2824-4237-8507-0C708865C279}.Release|Any CPU.Build.0 = Release|Any CPU
	EndGlobalSection
	GlobalSection(SolutionProperties) = preSolution
		HideSolutionNode = FALSE
	EndGlobalSection
	GlobalSection(ExtensibilityGlobals) = postSolution
		SolutionGuid = {D0CECA9C-2B8A-4145-AE05-69F546B371CD}
	EndGlobalSection
EndGlobal
